
Microsoft Visual Studio Solution File, Format Version 12.00
# Visual Studio Version 17
VisualStudioVersion = 17.14.36301.6 d17.14
MinimumVisualStudioVersion = 10.0.40219.1
Project("{FAE04EC0-301F-11D3-BF4B-00C04F79EFBC}") = "Shikaru.SOC", "Shikaru.SOC\Shikaru.SOC.csproj", "{ADF9A8F5-8DCA-4A13-944E-60B56CCA597C}"
EndProject
Global
	GlobalSection(SolutionConfigurationPlatforms) = preSolution
		Debug|Any CPU = Debug|Any CPU
		Release|Any CPU = Release|Any CPU
	EndGlobalSection
	GlobalSection(ProjectConfigurationPlatforms) = postSolution
		{ADF9A8F5-8DCA-4A13-944E-60B56CCA597C}.Debug|Any CPU.ActiveCfg = Debug|Any CPU
		{ADF9A8F5-8DCA-4A13-944E-60B56CCA597C}.Debug|Any CPU.Build.0 = Debug|Any CPU
		{ADF9A8F5-8DCA-4A13-944E-60B56CCA597C}.Release|Any CPU.ActiveCfg = Release|Any CPU
		{ADF9A8F5-8DCA-4A13-944E-60B56CCA597C}.Release|Any CPU.Build.0 = Release|Any CPU
	EndGlobalSection
	GlobalSection(SolutionProperties) = preSolution
		HideSolutionNode = FALSE
	EndGlobalSection
	GlobalSection(ExtensibilityGlobals) = postSolution
		SolutionGuid = {F7EA4E5C-DD15-4AE5-AAD3-3974498E15B3}
	EndGlobalSection
EndGlobal
